
Microsoft Visual Studio Solution File, Format Version 12.00
# Visual Studio 14
VisualStudioVersion = 14.0.25123.0
MinimumVisualStudioVersion = 10.0.40219.1
Project("{FAE04EC0-301F-11D3-BF4B-00C04F79EFBC}") = "WpfMasteringItContest", "WpfMasteringItContest\WpfMasteringItContest.csproj", "{422E6894-2C78-4B75-9B5E-6046324BF2B0}"
EndProject
Project("{FAE04EC0-301F-11D3-BF4B-00C04F79EFBC}") = "DataAccessLayer", "DataAccessLayer\DataAccessLayer.csproj", "{541BA9A7-B10F-411A-9017-295C13A1AADB}"
EndProject
Project("{FAE04EC0-301F-11D3-BF4B-00C04F79EFBC}") = "BusinessLogicLayr", "BusinessLogicLayr\BusinessLogicLayr.csproj", "{9A3A7C84-9B11-410D-993C-D0F8A7C6BEC9}"
EndProject
Project("{FAE04EC0-301F-11D3-BF4B-00C04F79EFBC}") = "WfMasteringItContest", "WfMasteringItContest\WfMasteringItContest.csproj", "{9331753C-BD2F-4135-AEC3-1B5E098D9903}"
EndProject
Global
	GlobalSection(SolutionConfigurationPlatforms) = preSolution
		Debug|Any CPU = Debug|Any CPU
		Release|Any CPU = Release|Any CPU
	EndGlobalSection
	GlobalSection(ProjectConfigurationPlatforms) = postSolution
		{422E6894-2C78-4B75-9B5E-6046324BF2B0}.Debug|Any CPU.ActiveCfg = Debug|Any CPU
		{422E6894-2C78-4B75-9B5E-6046324BF2B0}.Debug|Any CPU.Build.0 = Debug|Any CPU
		{422E6894-2C78-4B75-9B5E-6046324BF2B0}.Release|Any CPU.ActiveCfg = Release|Any CPU
		{422E6894-2C78-4B75-9B5E-6046324BF2B0}.Release|Any CPU.Build.0 = Release|Any CPU
		{541BA9A7-B10F-411A-9017-295C13A1AADB}.Debug|Any CPU.ActiveCfg = Debug|Any CPU
		{541BA9A7-B10F-411A-9017-295C13A1AADB}.Debug|Any CPU.Build.0 = Debug|Any CPU
		{541BA9A7-B10F-411A-9017-295C13A1AADB}.Release|Any CPU.ActiveCfg = Release|Any CPU
		{541BA9A7-B10F-411A-9017-295C13A1AADB}.Release|Any CPU.Build.0 = Release|Any CPU
		{9A3A7C84-9B11-410D-993C-D0F8A7C6BEC9}.Debug|Any CPU.ActiveCfg = Debug|Any CPU
		{9A3A7C84-9B11-410D-993C-D0F8A7C6BEC9}.Debug|Any CPU.Build.0 = Debug|Any CPU
		{9A3A7C84-9B11-410D-993C-D0F8A7C6BEC9}.Release|Any CPU.ActiveCfg = Release|Any CPU
		{9A3A7C84-9B11-410D-993C-D0F8A7C6BEC9}.Release|Any CPU.Build.0 = Release|Any CPU
		{9331753C-BD2F-4135-AEC3-1B5E098D9903}.Debug|Any CPU.ActiveCfg = Debug|Any CPU
		{9331753C-BD2F-4135-AEC3-1B5E098D9903}.Debug|Any CPU.Build.0 = Debug|Any CPU
		{9331753C-BD2F-4135-AEC3-1B5E098D9903}.Release|Any CPU.ActiveCfg = Release|Any CPU
		{9331753C-BD2F-4135-AEC3-1B5E098D9903}.Release|Any CPU.Build.0 = Release|Any CPU
	EndGlobalSection
	GlobalSection(SolutionProperties) = preSolution
		HideSolutionNode = FALSE
	EndGlobalSection
EndGlobal
