
Microsoft Visual Studio Solution File, Format Version 12.00
# Visual Studio 14
VisualStudioVersion = 14.0.25420.1
MinimumVisualStudioVersion = 10.0.40219.1
Project("{FAE04EC0-301F-11D3-BF4B-00C04F79EFBC}") = "HC-Bluetooth", "BluetoothForArduino\HC-Bluetooth.csproj", "{D710A1D2-9A73-4510-A8BD-412D122154BB}"
EndProject
Global
	GlobalSection(SolutionConfigurationPlatforms) = preSolution
		Debug|Any CPU = Debug|Any CPU
		Debug|ARM = Debug|ARM
		Debug|x86 = Debug|x86
		Release|Any CPU = Release|Any CPU
		Release|ARM = Release|ARM
		Release|x86 = Release|x86
	EndGlobalSection
	GlobalSection(ProjectConfigurationPlatforms) = postSolution
		{D710A1D2-9A73-4510-A8BD-412D122154BB}.Debug|Any CPU.ActiveCfg = Debug|Any CPU
		{D710A1D2-9A73-4510-A8BD-412D122154BB}.Debug|Any CPU.Build.0 = Debug|Any CPU
		{D710A1D2-9A73-4510-A8BD-412D122154BB}.Debug|Any CPU.Deploy.0 = Debug|Any CPU
		{D710A1D2-9A73-4510-A8BD-412D122154BB}.Debug|ARM.ActiveCfg = Debug|ARM
		{D710A1D2-9A73-4510-A8BD-412D122154BB}.Debug|ARM.Build.0 = Debug|ARM
		{D710A1D2-9A73-4510-A8BD-412D122154BB}.Debug|ARM.Deploy.0 = Debug|ARM
		{D710A1D2-9A73-4510-A8BD-412D122154BB}.Debug|x86.ActiveCfg = Debug|x86
		{D710A1D2-9A73-4510-A8BD-412D122154BB}.Debug|x86.Build.0 = Debug|x86
		{D710A1D2-9A73-4510-A8BD-412D122154BB}.Debug|x86.Deploy.0 = Debug|x86
		{D710A1D2-9A73-4510-A8BD-412D122154BB}.Release|Any CPU.ActiveCfg = Release|Any CPU
		{D710A1D2-9A73-4510-A8BD-412D122154BB}.Release|Any CPU.Build.0 = Release|Any CPU
		{D710A1D2-9A73-4510-A8BD-412D122154BB}.Release|Any CPU.Deploy.0 = Release|Any CPU
		{D710A1D2-9A73-4510-A8BD-412D122154BB}.Release|ARM.ActiveCfg = Release|ARM
		{D710A1D2-9A73-4510-A8BD-412D122154BB}.Release|ARM.Build.0 = Release|ARM
		{D710A1D2-9A73-4510-A8BD-412D122154BB}.Release|ARM.Deploy.0 = Release|ARM
		{D710A1D2-9A73-4510-A8BD-412D122154BB}.Release|x86.ActiveCfg = Release|x86
		{D710A1D2-9A73-4510-A8BD-412D122154BB}.Release|x86.Build.0 = Release|x86
		{D710A1D2-9A73-4510-A8BD-412D122154BB}.Release|x86.Deploy.0 = Release|x86
	EndGlobalSection
	GlobalSection(SolutionProperties) = preSolution
		HideSolutionNode = FALSE
	EndGlobalSection
EndGlobal
